
Microsoft Visual Studio Solution File, Format Version 12.00
Project("{FAE04EC0-301F-11D3-BF4B-00C04F79EFBC}") = "SpecByExample.Test", "SpecByExample.Test\SpecByExample.Test.csproj", "{3972D21F-D3BA-4D25-8D21-F2EB50148FF9}"
EndProject
Project("{FAE04EC0-301F-11D3-BF4B-00C04F79EFBC}") = "CdWarehouse", "CdWarehouse\CdWarehouse.csproj", "{924B8DC8-A8E0-4078-8428-58217AC0ECFB}"
EndProject
Project("{2150E333-8FDC-42A3-9474-1A3956D46DE8}") = "Documentation", "Documentation", "{C91C4709-B586-4AEC-B42F-6D21F46940ED}"
ProjectSection(SolutionItems) = preProject
	ReadMe.md = ReadMe.md
EndProjectSection
EndProject
Project("{FAE04EC0-301F-11D3-BF4B-00C04F79EFBC}") = "SpecByExample.GherkinTest", "SpecByExample.GherkinTest\SpecByExample.GherkinTest.csproj", "{535AF8F2-EF88-4D99-959C-A86DF0C64477}"
EndProject
Project("{2150E333-8FDC-42A3-9474-1A3956D46DE8}") = "Build", "Build", "{F1FB64A8-E748-4B4C-BB78-280B8495425F}"
ProjectSection(SolutionItems) = preProject
	.github\workflows\main.yml = .github\workflows\main.yml
EndProjectSection
EndProject
Global
	GlobalSection(SolutionConfigurationPlatforms) = preSolution
		Debug|Any CPU = Debug|Any CPU
		Release|Any CPU = Release|Any CPU
	EndGlobalSection
	GlobalSection(ProjectConfigurationPlatforms) = postSolution
		{3972D21F-D3BA-4D25-8D21-F2EB50148FF9}.Debug|Any CPU.ActiveCfg = Debug|Any CPU
		{3972D21F-D3BA-4D25-8D21-F2EB50148FF9}.Debug|Any CPU.Build.0 = Debug|Any CPU
		{3972D21F-D3BA-4D25-8D21-F2EB50148FF9}.Release|Any CPU.ActiveCfg = Release|Any CPU
		{3972D21F-D3BA-4D25-8D21-F2EB50148FF9}.Release|Any CPU.Build.0 = Release|Any CPU
		{924B8DC8-A8E0-4078-8428-58217AC0ECFB}.Debug|Any CPU.ActiveCfg = Debug|Any CPU
		{924B8DC8-A8E0-4078-8428-58217AC0ECFB}.Debug|Any CPU.Build.0 = Debug|Any CPU
		{924B8DC8-A8E0-4078-8428-58217AC0ECFB}.Release|Any CPU.ActiveCfg = Release|Any CPU
		{924B8DC8-A8E0-4078-8428-58217AC0ECFB}.Release|Any CPU.Build.0 = Release|Any CPU
		{535AF8F2-EF88-4D99-959C-A86DF0C64477}.Debug|Any CPU.ActiveCfg = Debug|Any CPU
		{535AF8F2-EF88-4D99-959C-A86DF0C64477}.Debug|Any CPU.Build.0 = Debug|Any CPU
		{535AF8F2-EF88-4D99-959C-A86DF0C64477}.Release|Any CPU.ActiveCfg = Release|Any CPU
		{535AF8F2-EF88-4D99-959C-A86DF0C64477}.Release|Any CPU.Build.0 = Release|Any CPU
	EndGlobalSection
EndGlobal
